
Microsoft Visual Studio Solution File, Format Version 12.00
# Visual Studio Version 17
VisualStudioVersion = 17.5.33627.172
MinimumVisualStudioVersion = 10.0.40219.1
Project("{FAE04EC0-301F-11D3-BF4B-00C04F79EFBC}") = "Small_Programs_Showcasing", "Small_Programs_Showcasing\Small_Programs_Showcasing.csproj", "{13B9D33F-5AD7-4A83-AC5E-5E3D34754313}"
EndProject
Global
	GlobalSection(SolutionConfigurationPlatforms) = preSolution
		Debug|Any CPU = Debug|Any CPU
		Release|Any CPU = Release|Any CPU
	EndGlobalSection
	GlobalSection(ProjectConfigurationPlatforms) = postSolution
		{13B9D33F-5AD7-4A83-AC5E-5E3D34754313}.Debug|Any CPU.ActiveCfg = Debug|Any CPU
		{13B9D33F-5AD7-4A83-AC5E-5E3D34754313}.Debug|Any CPU.Build.0 = Debug|Any CPU
		{13B9D33F-5AD7-4A83-AC5E-5E3D34754313}.Release|Any CPU.ActiveCfg = Release|Any CPU
		{13B9D33F-5AD7-4A83-AC5E-5E3D34754313}.Release|Any CPU.Build.0 = Release|Any CPU
	EndGlobalSection
	GlobalSection(SolutionProperties) = preSolution
		HideSolutionNode = FALSE
	EndGlobalSection
	GlobalSection(ExtensibilityGlobals) = postSolution
		SolutionGuid = {F64A5E82-1418-4320-8734-F76E6CB869C7}
	EndGlobalSection
EndGlobal
